
Microsoft Visual Studio Solution File, Format Version 12.00
# Visual Studio Version 16
VisualStudioVersion = 16.0.30114.105
MinimumVisualStudioVersion = 10.0.40219.1
Project("{9A19103F-16F7-4668-BE54-9A1E7A4F7556}") = "Jiudian", "Jiudian\Jiudian.csproj", "{3D314B59-9D0A-4B5E-96BD-10121C3A4ED2}"
EndProject
Project("{FAE04EC0-301F-11D3-BF4B-00C04F79EFBC}") = "Utility.Tool.Controls", "DateTimePicker\Utility.Tool.Controls\Utility.Tool.Controls.csproj", "{FE90C74A-FA6A-48E2-998F-F5B187009EE2}"
EndProject
Project("{FAE04EC0-301F-11D3-BF4B-00C04F79EFBC}") = "PlateNumberInput", "PlateNumberInput\PlateNumberInput.csproj", "{0BB30D44-B255-49CD-BD85-0BE1B2A82046}"
EndProject
Global
	GlobalSection(SolutionConfigurationPlatforms) = preSolution
		Debug|Any CPU = Debug|Any CPU
		Release|Any CPU = Release|Any CPU
	EndGlobalSection
	GlobalSection(ProjectConfigurationPlatforms) = postSolution
		{3D314B59-9D0A-4B5E-96BD-10121C3A4ED2}.Debug|Any CPU.ActiveCfg = Debug|Any CPU
		{3D314B59-9D0A-4B5E-96BD-10121C3A4ED2}.Debug|Any CPU.Build.0 = Debug|Any CPU
		{3D314B59-9D0A-4B5E-96BD-10121C3A4ED2}.Release|Any CPU.ActiveCfg = Release|Any CPU
		{3D314B59-9D0A-4B5E-96BD-10121C3A4ED2}.Release|Any CPU.Build.0 = Release|Any CPU
		{FE90C74A-FA6A-48E2-998F-F5B187009EE2}.Debug|Any CPU.ActiveCfg = Debug|Any CPU
		{FE90C74A-FA6A-48E2-998F-F5B187009EE2}.Debug|Any CPU.Build.0 = Debug|Any CPU
		{FE90C74A-FA6A-48E2-998F-F5B187009EE2}.Release|Any CPU.ActiveCfg = Release|Any CPU
		{FE90C74A-FA6A-48E2-998F-F5B187009EE2}.Release|Any CPU.Build.0 = Release|Any CPU
		{0BB30D44-B255-49CD-BD85-0BE1B2A82046}.Debug|Any CPU.ActiveCfg = Debug|Any CPU
		{0BB30D44-B255-49CD-BD85-0BE1B2A82046}.Debug|Any CPU.Build.0 = Debug|Any CPU
		{0BB30D44-B255-49CD-BD85-0BE1B2A82046}.Release|Any CPU.ActiveCfg = Release|Any CPU
		{0BB30D44-B255-49CD-BD85-0BE1B2A82046}.Release|Any CPU.Build.0 = Release|Any CPU
	EndGlobalSection
	GlobalSection(SolutionProperties) = preSolution
		HideSolutionNode = FALSE
	EndGlobalSection
	GlobalSection(ExtensibilityGlobals) = postSolution
		SolutionGuid = {B87414EA-CD53-4059-81BB-BDE93C5D4363}
	EndGlobalSection
EndGlobal
